
Microsoft Visual Studio Solution File, Format Version 12.00
Project("{FAE04EC0-301F-11D3-BF4B-00C04F79EFBC}") = "password-generator", "password-generator.csproj", "{6FB3CC47-C186-44AD-800A-55960DB3161C}"
EndProject
Global
	GlobalSection(SolutionConfigurationPlatforms) = preSolution
		Debug|Any CPU = Debug|Any CPU
		Release|Any CPU = Release|Any CPU
	EndGlobalSection
	GlobalSection(ProjectConfigurationPlatforms) = postSolution
		{6FB3CC47-C186-44AD-800A-55960DB3161C}.Debug|Any CPU.ActiveCfg = Debug|Any CPU
		{6FB3CC47-C186-44AD-800A-55960DB3161C}.Debug|Any CPU.Build.0 = Debug|Any CPU
		{6FB3CC47-C186-44AD-800A-55960DB3161C}.Release|Any CPU.ActiveCfg = Release|Any CPU
		{6FB3CC47-C186-44AD-800A-55960DB3161C}.Release|Any CPU.Build.0 = Release|Any CPU
	EndGlobalSection
EndGlobal
